// !$*UTF8*$!
{
	archiveVersion = 1;
	classes = {
	};
	objectVersion = 50;
	objects = {

/* Begin PBXBuildFile section */
		1341B70820D94EFE004B4FB5 /* StringAdditions.swift in Sources */ = {isa = PBXBuildFile; fileRef = 1341B70720D94EFE004B4FB5 /* StringAdditions.swift */; };
		134AA2A620D943BE0002BBD8 /* ParsingServiceResult.swift in Sources */ = {isa = PBXBuildFile; fileRef = 134AA2A120D943BE0002BBD8 /* ParsingServiceResult.swift */; };
		134AA2A720D943BE0002BBD8 /* JSONParsingService.swift in Sources */ = {isa = PBXBuildFile; fileRef = 134AA2A220D943BE0002BBD8 /* JSONParsingService.swift */; };
		134AA2A820D943BE0002BBD8 /* ParsingService.swift in Sources */ = {isa = PBXBuildFile; fileRef = 134AA2A320D943BE0002BBD8 /* ParsingService.swift */; };
		134AA2A920D943BE0002BBD8 /* TypographyKit.swift in Sources */ = {isa = PBXBuildFile; fileRef = 134AA2A420D943BE0002BBD8 /* TypographyKit.swift */; };
		134AA2AA20D943BE0002BBD8 /* PropertyListParsingService.swift in Sources */ = {isa = PBXBuildFile; fileRef = 134AA2A520D943BE0002BBD8 /* PropertyListParsingService.swift */; };
		134AA2AC20D943DB0002BBD8 /* ConfigurationSettings.swift in Sources */ = {isa = PBXBuildFile; fileRef = 134AA2AB20D943DB0002BBD8 /* ConfigurationSettings.swift */; };
		134AA2AE20D943E60002BBD8 /* LetterCase.swift in Sources */ = {isa = PBXBuildFile; fileRef = 134AA2AD20D943E60002BBD8 /* LetterCase.swift */; };
		134AA2B220D943F50002BBD8 /* TypographyColor.swift in Sources */ = {isa = PBXBuildFile; fileRef = 134AA2B120D943F50002BBD8 /* TypographyColor.swift */; };
		134AA2B420D944CC0002BBD8 /* ConfigurationType.swift in Sources */ = {isa = PBXBuildFile; fileRef = 134AA2B320D944CC0002BBD8 /* ConfigurationType.swift */; };
		134AA2B620D968E30002BBD8 /* CommandLineProcessor.swift in Sources */ = {isa = PBXBuildFile; fileRef = 134AA2B520D968E30002BBD8 /* CommandLineProcessor.swift */; };
		134AA2B820D968EE0002BBD8 /* CommandLineArgument.swift in Sources */ = {isa = PBXBuildFile; fileRef = 134AA2B720D968ED0002BBD8 /* CommandLineArgument.swift */; };
		13B0D6E020D94FF400339949 /* RegularExpressionMatchable.swift in Sources */ = {isa = PBXBuildFile; fileRef = 13B0D6DE20D94FF300339949 /* RegularExpressionMatchable.swift */; };
		13B0D6E120D94FF400339949 /* String+RegularExpressionMatchable.swift in Sources */ = {isa = PBXBuildFile; fileRef = 13B0D6DF20D94FF400339949 /* String+RegularExpressionMatchable.swift */; };
		13EFE0A420D9420E00A0B65D /* main.swift in Sources */ = {isa = PBXBuildFile; fileRef = 13EFE0A320D9420E00A0B65D /* main.swift */; };
/* End PBXBuildFile section */

/* Begin PBXCopyFilesBuildPhase section */
		13EFE09E20D9420E00A0B65D /* CopyFiles */ = {
			isa = PBXCopyFilesBuildPhase;
			buildActionMask = 2147483647;
			dstPath = /usr/share/man/man1/;
			dstSubfolderSpec = 0;
			files = (
			);
			runOnlyForDeploymentPostprocessing = 1;
		};
/* End PBXCopyFilesBuildPhase section */

/* Begin PBXFileReference section */
		1341B70720D94EFE004B4FB5 /* StringAdditions.swift */ = {isa = PBXFileReference; fileEncoding = 4; lastKnownFileType = sourcecode.swift; path = StringAdditions.swift; sourceTree = "<group>"; };
		134AA2A120D943BE0002BBD8 /* ParsingServiceResult.swift */ = {isa = PBXFileReference; fileEncoding = 4; lastKnownFileType = sourcecode.swift; path = ParsingServiceResult.swift; sourceTree = "<group>"; };
		134AA2A220D943BE0002BBD8 /* JSONParsingService.swift */ = {isa = PBXFileReference; fileEncoding = 4; lastKnownFileType = sourcecode.swift; path = JSONParsingService.swift; sourceTree = "<group>"; };
		134AA2A320D943BE0002BBD8 /* ParsingService.swift */ = {isa = PBXFileReference; fileEncoding = 4; lastKnownFileType = sourcecode.swift; path = ParsingService.swift; sourceTree = "<group>"; };
		134AA2A420D943BE0002BBD8 /* TypographyKit.swift */ = {isa = PBXFileReference; fileEncoding = 4; lastKnownFileType = sourcecode.swift; path = TypographyKit.swift; sourceTree = "<group>"; };
		134AA2A520D943BE0002BBD8 /* PropertyListParsingService.swift */ = {isa = PBXFileReference; fileEncoding = 4; lastKnownFileType = sourcecode.swift; path = PropertyListParsingService.swift; sourceTree = "<group>"; };
		134AA2AB20D943DB0002BBD8 /* ConfigurationSettings.swift */ = {isa = PBXFileReference; fileEncoding = 4; lastKnownFileType = sourcecode.swift; path = ConfigurationSettings.swift; sourceTree = "<group>"; };
		134AA2AD20D943E60002BBD8 /* LetterCase.swift */ = {isa = PBXFileReference; fileEncoding = 4; lastKnownFileType = sourcecode.swift; path = LetterCase.swift; sourceTree = "<group>"; };
		134AA2B120D943F50002BBD8 /* TypographyColor.swift */ = {isa = PBXFileReference; fileEncoding = 4; lastKnownFileType = sourcecode.swift; path = TypographyColor.swift; sourceTree = "<group>"; };
		134AA2B320D944CC0002BBD8 /* ConfigurationType.swift */ = {isa = PBXFileReference; fileEncoding = 4; lastKnownFileType = sourcecode.swift; path = ConfigurationType.swift; sourceTree = "<group>"; };
		134AA2B520D968E30002BBD8 /* CommandLineProcessor.swift */ = {isa = PBXFileReference; fileEncoding = 4; lastKnownFileType = sourcecode.swift; path = CommandLineProcessor.swift; sourceTree = "<group>"; };
		134AA2B720D968ED0002BBD8 /* CommandLineArgument.swift */ = {isa = PBXFileReference; fileEncoding = 4; lastKnownFileType = sourcecode.swift; path = CommandLineArgument.swift; sourceTree = "<group>"; };
		13B0D6DE20D94FF300339949 /* RegularExpressionMatchable.swift */ = {isa = PBXFileReference; fileEncoding = 4; lastKnownFileType = sourcecode.swift; path = RegularExpressionMatchable.swift; sourceTree = "<group>"; };
		13B0D6DF20D94FF400339949 /* String+RegularExpressionMatchable.swift */ = {isa = PBXFileReference; fileEncoding = 4; lastKnownFileType = sourcecode.swift; path = "String+RegularExpressionMatchable.swift"; sourceTree = "<group>"; };
		13EFE0A020D9420E00A0B65D /* palette */ = {isa = PBXFileReference; explicitFileType = "compiled.mach-o.executable"; includeInIndex = 0; path = palette; sourceTree = BUILT_PRODUCTS_DIR; };
		13EFE0A320D9420E00A0B65D /* main.swift */ = {isa = PBXFileReference; lastKnownFileType = sourcecode.swift; path = main.swift; sourceTree = "<group>"; };
/* End PBXFileReference section */

/* Begin PBXFrameworksBuildPhase section */
		13EFE09D20D9420E00A0B65D /* Frameworks */ = {
			isa = PBXFrameworksBuildPhase;
			buildActionMask = 2147483647;
			files = (
			);
			runOnlyForDeploymentPostprocessing = 0;
		};
/* End PBXFrameworksBuildPhase section */

/* Begin PBXGroup section */
		13EFE09720D9420E00A0B65D = {
			isa = PBXGroup;
			children = (
				13EFE0A220D9420E00A0B65D /* TypographyKitPalette */,
				13EFE0A120D9420E00A0B65D /* Products */,
			);
			sourceTree = "<group>";
		};
		13EFE0A120D9420E00A0B65D /* Products */ = {
			isa = PBXGroup;
			children = (
				13EFE0A020D9420E00A0B65D /* palette */,
			);
			name = Products;
			sourceTree = "<group>";
		};
		13EFE0A220D9420E00A0B65D /* TypographyKitPalette */ = {
			isa = PBXGroup;
			children = (
				134AA2AB20D943DB0002BBD8 /* ConfigurationSettings.swift */,
				134AA2B320D944CC0002BBD8 /* ConfigurationType.swift */,
				134AA2A220D943BE0002BBD8 /* JSONParsingService.swift */,
				134AA2AD20D943E60002BBD8 /* LetterCase.swift */,
				13EFE0A320D9420E00A0B65D /* main.swift */,
				134AA2A320D943BE0002BBD8 /* ParsingService.swift */,
				134AA2A120D943BE0002BBD8 /* ParsingServiceResult.swift */,
				134AA2A520D943BE0002BBD8 /* PropertyListParsingService.swift */,
				13B0D6DE20D94FF300339949 /* RegularExpressionMatchable.swift */,
				13B0D6DF20D94FF400339949 /* String+RegularExpressionMatchable.swift */,
				134AA2B520D968E30002BBD8 /* CommandLineProcessor.swift */,
				1341B70720D94EFE004B4FB5 /* StringAdditions.swift */,
				134AA2B720D968ED0002BBD8 /* CommandLineArgument.swift */,
				134AA2B120D943F50002BBD8 /* TypographyColor.swift */,
				134AA2A420D943BE0002BBD8 /* TypographyKit.swift */,
			);
			path = TypographyKitPalette;
			sourceTree = "<group>";
		};
/* End PBXGroup section */

/* Begin PBXNativeTarget section */
		13EFE09F20D9420E00A0B65D /* palette */ = {
			isa = PBXNativeTarget;
			buildConfigurationList = 13EFE0A720D9420E00A0B65D /* Build configuration list for PBXNativeTarget "palette" */;
			buildPhases = (
				13EFE09C20D9420E00A0B65D /* Sources */,
				13EFE09D20D9420E00A0B65D /* Frameworks */,
				13EFE09E20D9420E00A0B65D /* CopyFiles */,
			);
			buildRules = (
			);
			dependencies = (
			);
			name = palette;
			productName = TypographyKitUtility;
			productReference = 13EFE0A020D9420E00A0B65D /* palette */;
			productType = "com.apple.product-type.tool";
		};
/* End PBXNativeTarget section */

/* Begin PBXProject section */
		13EFE09820D9420E00A0B65D /* Project object */ = {
			isa = PBXProject;
			attributes = {
				LastSwiftUpdateCheck = 0940;
				LastUpgradeCheck = 0940;
				TargetAttributes = {
					13EFE09F20D9420E00A0B65D = {
						CreatedOnToolsVersion = 9.4;
						LastSwiftMigration = 1000;
					};
				};
			};
			buildConfigurationList = 13EFE09B20D9420E00A0B65D /* Build configuration list for PBXProject "TypographyKitPalette" */;
			compatibilityVersion = "Xcode 9.3";
			developmentRegion = en;
			hasScannedForEncodings = 0;
			knownRegions = (
				en,
			);
			mainGroup = 13EFE09720D9420E00A0B65D;
			productRefGroup = 13EFE0A120D9420E00A0B65D /* Products */;
			projectDirPath = "";
			projectRoot = "";
			targets = (
				13EFE09F20D9420E00A0B65D /* palette */,
			);
		};
/* End PBXProject section */

/* Begin PBXSourcesBuildPhase section */
		13EFE09C20D9420E00A0B65D /* Sources */ = {
			isa = PBXSourcesBuildPhase;
			buildActionMask = 2147483647;
			files = (
				134AA2A820D943BE0002BBD8 /* ParsingService.swift in Sources */,
				134AA2A720D943BE0002BBD8 /* JSONParsingService.swift in Sources */,
				1341B70820D94EFE004B4FB5 /* StringAdditions.swift in Sources */,
				134AA2B220D943F50002BBD8 /* TypographyColor.swift in Sources */,
				13B0D6E020D94FF400339949 /* RegularExpressionMatchable.swift in Sources */,
				134AA2AA20D943BE0002BBD8 /* PropertyListParsingService.swift in Sources */,
				13EFE0A420D9420E00A0B65D /* main.swift in Sources */,
				134AA2B820D968EE0002BBD8 /* CommandLineArgument.swift in Sources */,
				134AA2B420D944CC0002BBD8 /* ConfigurationType.swift in Sources */,
				13B0D6E120D94FF400339949 /* String+RegularExpressionMatchable.swift in Sources */,
				134AA2AC20D943DB0002BBD8 /* ConfigurationSettings.swift in Sources */,
				134AA2A920D943BE0002BBD8 /* TypographyKit.swift in Sources */,
				134AA2A620D943BE0002BBD8 /* ParsingServiceResult.swift in Sources */,
				134AA2B620D968E30002BBD8 /* CommandLineProcessor.swift in Sources */,
				134AA2AE20D943E60002BBD8 /* LetterCase.swift in Sources */,
			);
			runOnlyForDeploymentPostprocessing = 0;
		};
/* End PBXSourcesBuildPhase section */

/* Begin XCBuildConfiguration section */
		13EFE0A520D9420E00A0B65D /* Debug */ = {
			isa = XCBuildConfiguration;
			buildSettings = {
				ALWAYS_SEARCH_USER_PATHS = NO;
				CLANG_ANALYZER_NONNULL = YES;
				CLANG_ANALYZER_NUMBER_OBJECT_CONVERSION = YES_AGGRESSIVE;
				CLANG_CXX_LANGUAGE_STANDARD = "gnu++14";
				CLANG_CXX_LIBRARY = "libc++";
				CLANG_ENABLE_MODULES = YES;
				CLANG_ENABLE_OBJC_ARC = YES;
				CLANG_ENABLE_OBJC_WEAK = YES;
				CLANG_WARN_BLOCK_CAPTURE_AUTORELEASING = YES;
				CLANG_WARN_BOOL_CONVERSION = YES;
				CLANG_WARN_COMMA = YES;
				CLANG_WARN_CONSTANT_CONVERSION = YES;
				CLANG_WARN_DEPRECATED_OBJC_IMPLEMENTATIONS = YES;
				CLANG_WARN_DIRECT_OBJC_ISA_USAGE = YES_ERROR;
				CLANG_WARN_DOCUMENTATION_COMMENTS = YES;
				CLANG_WARN_EMPTY_BODY = YES;
				CLANG_WARN_ENUM_CONVERSION = YES;
				CLANG_WARN_INFINITE_RECURSION = YES;
				CLANG_WARN_INT_CONVERSION = YES;
				CLANG_WARN_NON_LITERAL_NULL_CONVERSION = YES;
				CLANG_WARN_OBJC_IMPLICIT_RETAIN_SELF = YES;
				CLANG_WARN_OBJC_LITERAL_CONVERSION = YES;
				CLANG_WARN_OBJC_ROOT_CLASS = YES_ERROR;
				CLANG_WARN_RANGE_LOOP_ANALYSIS = YES;
				CLANG_WARN_STRICT_PROTOTYPES = YES;
				CLANG_WARN_SUSPICIOUS_MOVE = YES;
				CLANG_WARN_UNGUARDED_AVAILABILITY = YES_AGGRESSIVE;
				CLANG_WARN_UNREACHABLE_CODE = YES;
				CLANG_WARN__DUPLICATE_METHOD_MATCH = YES;
				CODE_SIGN_IDENTITY = "-";
				COPY_PHASE_STRIP = NO;
				DEBUG_INFORMATION_FORMAT = dwarf;
				ENABLE_STRICT_OBJC_MSGSEND = YES;
				ENABLE_TESTABILITY = YES;
				GCC_C_LANGUAGE_STANDARD = gnu11;
				GCC_DYNAMIC_NO_PIC = NO;
				GCC_NO_COMMON_BLOCKS = YES;
				GCC_OPTIMIZATION_LEVEL = 0;
				GCC_PREPROCESSOR_DEFINITIONS = (
					"DEBUG=1",
					"$(inherited)",
				);
				GCC_WARN_64_TO_32_BIT_CONVERSION = YES;
				GCC_WARN_ABOUT_RETURN_TYPE = YES_ERROR;
				GCC_WARN_UNDECLARED_SELECTOR = YES;
				GCC_WARN_UNINITIALIZED_AUTOS = YES_AGGRESSIVE;
				GCC_WARN_UNUSED_FUNCTION = YES;
				GCC_WARN_UNUSED_VARIABLE = YES;
				MACOSX_DEPLOYMENT_TARGET = 10.13;
				MTL_ENABLE_DEBUG_INFO = YES;
				ONLY_ACTIVE_ARCH = YES;
				SDKROOT = macosx;
				SWIFT_ACTIVE_COMPILATION_CONDITIONS = DEBUG;
				SWIFT_OPTIMIZATION_LEVEL = "-Onone";
			};
			name = Debug;
		};
		13EFE0A620D9420E00A0B65D /* Release */ = {
			isa = XCBuildConfiguration;
			buildSettings = {
				ALWAYS_SEARCH_USER_PATHS = NO;
				CLANG_ANALYZER_NONNULL = YES;
				CLANG_ANALYZER_NUMBER_OBJECT_CONVERSION = YES_AGGRESSIVE;
				CLANG_CXX_LANGUAGE_STANDARD = "gnu++14";
				CLANG_CXX_LIBRARY = "libc++";
				CLANG_ENABLE_MODULES = YES;
				CLANG_ENABLE_OBJC_ARC = YES;
				CLANG_ENABLE_OBJC_WEAK = YES;
				CLANG_WARN_BLOCK_CAPTURE_AUTORELEASING = YES;
				CLANG_WARN_BOOL_CONVERSION = YES;
				CLANG_WARN_COMMA = YES;
				CLANG_WARN_CONSTANT_CONVERSION = YES;
				CLANG_WARN_DEPRECATED_OBJC_IMPLEMENTATIONS = YES;
				CLANG_WARN_DIRECT_OBJC_ISA_USAGE = YES_ERROR;
				CLANG_WARN_DOCUMENTATION_COMMENTS = YES;
				CLANG_WARN_EMPTY_BODY = YES;
				CLANG_WARN_ENUM_CONVERSION = YES;
				CLANG_WARN_INFINITE_RECURSION = YES;
				CLANG_WARN_INT_CONVERSION = YES;
				CLANG_WARN_NON_LITERAL_NULL_CONVERSION = YES;
				CLANG_WARN_OBJC_IMPLICIT_RETAIN_SELF = YES;
				CLANG_WARN_OBJC_LITERAL_CONVERSION = YES;
				CLANG_WARN_OBJC_ROOT_CLASS = YES_ERROR;
				CLANG_WARN_RANGE_LOOP_ANALYSIS = YES;
				CLANG_WARN_STRICT_PROTOTYPES = YES;
				CLANG_WARN_SUSPICIOUS_MOVE = YES;
				CLANG_WARN_UNGUARDED_AVAILABILITY = YES_AGGRESSIVE;
				CLANG_WARN_UNREACHABLE_CODE = YES;
				CLANG_WARN__DUPLICATE_METHOD_MATCH = YES;
				CODE_SIGN_IDENTITY = "-";
				COPY_PHASE_STRIP = NO;
				DEBUG_INFORMATION_FORMAT = "dwarf-with-dsym";
				ENABLE_NS_ASSERTIONS = NO;
				ENABLE_STRICT_OBJC_MSGSEND = YES;
				GCC_C_LANGUAGE_STANDARD = gnu11;
				GCC_NO_COMMON_BLOCKS = YES;
				GCC_WARN_64_TO_32_BIT_CONVERSION = YES;
				GCC_WARN_ABOUT_RETURN_TYPE = YES_ERROR;
				GCC_WARN_UNDECLARED_SELECTOR = YES;
				GCC_WARN_UNINITIALIZED_AUTOS = YES_AGGRESSIVE;
				GCC_WARN_UNUSED_FUNCTION = YES;
				GCC_WARN_UNUSED_VARIABLE = YES;
				MACOSX_DEPLOYMENT_TARGET = 10.13;
				MTL_ENABLE_DEBUG_INFO = NO;
				SDKROOT = macosx;
				SWIFT_COMPILATION_MODE = wholemodule;
				SWIFT_OPTIMIZATION_LEVEL = "-O";
			};
			name = Release;
		};
		13EFE0A820D9420E00A0B65D /* Debug */ = {
			isa = XCBuildConfiguration;
			buildSettings = {
				CODE_SIGN_STYLE = Automatic;
				PRODUCT_NAME = "$(TARGET_NAME)";
				SWIFT_VERSION = 4.2;
			};
			name = Debug;
		};
		13EFE0A920D9420E00A0B65D /* Release */ = {
			isa = XCBuildConfiguration;
			buildSettings = {
				CODE_SIGN_STYLE = Automatic;
				PRODUCT_NAME = "$(TARGET_NAME)";
				SWIFT_VERSION = 4.2;
			};
			name = Release;
		};
/* End XCBuildConfiguration section */

/* Begin XCConfigurationList section */
		13EFE09B20D9420E00A0B65D /* Build configuration list for PBXProject "TypographyKitPalette" */ = {
			isa = XCConfigurationList;
			buildConfigurations = (
				13EFE0A520D9420E00A0B65D /* Debug */,
				13EFE0A620D9420E00A0B65D /* Release */,
			);
			defaultConfigurationIsVisible = 0;
			defaultConfigurationName = Release;
		};
		13EFE0A720D9420E00A0B65D /* Build configuration list for PBXNativeTarget "palette" */ = {
			isa = XCConfigurationList;
			buildConfigurations = (
				13EFE0A820D9420E00A0B65D /* Debug */,
				13EFE0A920D9420E00A0B65D /* Release */,
			);
			defaultConfigurationIsVisible = 0;
			defaultConfigurationName = Release;
		};
/* End XCConfigurationList section */
	};
	rootObject = 13EFE09820D9420E00A0B65D /* Project object */;
}
